
Microsoft Visual Studio Solution File, Format Version 12.00
# Visual Studio Version 17
VisualStudioVersion = 17.0.31903.59
MinimumVisualStudioVersion = 10.0.40219.1
Project("{2150E333-8FDC-42A3-9474-1A3956D46DE8}") = "src", "src", "{827E0CD3-B72D-47B6-A68D-7590B98EB39B}"
EndProject
Project("{FAE04EC0-301F-11D3-BF4B-00C04F79EFBC}") = "Wolflix.Domain", "src\Wolflix.Domain\Wolflix.Domain.csproj", "{C67B2855-A09F-4DB9-8A57-0F4710FD02BC}"
EndProject
Project("{FAE04EC0-301F-11D3-BF4B-00C04F79EFBC}") = "Wolflix.Application", "src\Wolflix.Application\Wolflix.Application.csproj", "{5C37B17D-B8D9-44BC-B31B-27270CEF5098}"
EndProject
Project("{FAE04EC0-301F-11D3-BF4B-00C04F79EFBC}") = "Wolflix.ConsoleApp", "src\Wolflix.ConsoleApp\Wolflix.ConsoleApp.csproj", "{9D10854E-8C11-4C97-B79D-98410C1B3355}"
EndProject
Project("{2150E333-8FDC-42A3-9474-1A3956D46DE8}") = "tests", "tests", "{0AB3BF05-4346-4AA6-1389-037BE0695223}"
EndProject
Project("{FAE04EC0-301F-11D3-BF4B-00C04F79EFBC}") = "Wolflix.Tests", "tests\Wolflix.Tests\Wolflix.Tests.csproj", "{DE256B6B-7547-45F5-962F-71F0D2538125}"
EndProject
Global
	GlobalSection(SolutionConfigurationPlatforms) = preSolution
		Debug|Any CPU = Debug|Any CPU
		Debug|x64 = Debug|x64
		Debug|x86 = Debug|x86
		Release|Any CPU = Release|Any CPU
		Release|x64 = Release|x64
		Release|x86 = Release|x86
	EndGlobalSection
	GlobalSection(ProjectConfigurationPlatforms) = postSolution
		{C67B2855-A09F-4DB9-8A57-0F4710FD02BC}.Debug|Any CPU.ActiveCfg = Debug|Any CPU
		{C67B2855-A09F-4DB9-8A57-0F4710FD02BC}.Debug|Any CPU.Build.0 = Debug|Any CPU
		{C67B2855-A09F-4DB9-8A57-0F4710FD02BC}.Debug|x64.ActiveCfg = Debug|Any CPU
		{C67B2855-A09F-4DB9-8A57-0F4710FD02BC}.Debug|x64.Build.0 = Debug|Any CPU
		{C67B2855-A09F-4DB9-8A57-0F4710FD02BC}.Debug|x86.ActiveCfg = Debug|Any CPU
		{C67B2855-A09F-4DB9-8A57-0F4710FD02BC}.Debug|x86.Build.0 = Debug|Any CPU
		{C67B2855-A09F-4DB9-8A57-0F4710FD02BC}.Release|Any CPU.ActiveCfg = Release|Any CPU
		{C67B2855-A09F-4DB9-8A57-0F4710FD02BC}.Release|Any CPU.Build.0 = Release|Any CPU
		{C67B2855-A09F-4DB9-8A57-0F4710FD02BC}.Release|x64.ActiveCfg = Release|Any CPU
		{C67B2855-A09F-4DB9-8A57-0F4710FD02BC}.Release|x64.Build.0 = Release|Any CPU
		{C67B2855-A09F-4DB9-8A57-0F4710FD02BC}.Release|x86.ActiveCfg = Release|Any CPU
		{C67B2855-A09F-4DB9-8A57-0F4710FD02BC}.Release|x86.Build.0 = Release|Any CPU
		{5C37B17D-B8D9-44BC-B31B-27270CEF5098}.Debug|Any CPU.ActiveCfg = Debug|Any CPU
		{5C37B17D-B8D9-44BC-B31B-27270CEF5098}.Debug|Any CPU.Build.0 = Debug|Any CPU
		{5C37B17D-B8D9-44BC-B31B-27270CEF5098}.Debug|x64.ActiveCfg = Debug|Any CPU
		{5C37B17D-B8D9-44BC-B31B-27270CEF5098}.Debug|x64.Build.0 = Debug|Any CPU
		{5C37B17D-B8D9-44BC-B31B-27270CEF5098}.Debug|x86.ActiveCfg = Debug|Any CPU
		{5C37B17D-B8D9-44BC-B31B-27270CEF5098}.Debug|x86.Build.0 = Debug|Any CPU
		{5C37B17D-B8D9-44BC-B31B-27270CEF5098}.Release|Any CPU.ActiveCfg = Release|Any CPU
		{5C37B17D-B8D9-44BC-B31B-27270CEF5098}.Release|Any CPU.Build.0 = Release|Any CPU
		{5C37B17D-B8D9-44BC-B31B-27270CEF5098}.Release|x64.ActiveCfg = Release|Any CPU
		{5C37B17D-B8D9-44BC-B31B-27270CEF5098}.Release|x64.Build.0 = Release|Any CPU
		{5C37B17D-B8D9-44BC-B31B-27270CEF5098}.Release|x86.ActiveCfg = Release|Any CPU
		{5C37B17D-B8D9-44BC-B31B-27270CEF5098}.Release|x86.Build.0 = Release|Any CPU
		{9D10854E-8C11-4C97-B79D-98410C1B3355}.Debug|Any CPU.ActiveCfg = Debug|Any CPU
		{9D10854E-8C11-4C97-B79D-98410C1B3355}.Debug|Any CPU.Build.0 = Debug|Any CPU
		{9D10854E-8C11-4C97-B79D-98410C1B3355}.Debug|x64.ActiveCfg = Debug|Any CPU
		{9D10854E-8C11-4C97-B79D-98410C1B3355}.Debug|x64.Build.0 = Debug|Any CPU
		{9D10854E-8C11-4C97-B79D-98410C1B3355}.Debug|x86.ActiveCfg = Debug|Any CPU
		{9D10854E-8C11-4C97-B79D-98410C1B3355}.Debug|x86.Build.0 = Debug|Any CPU
		{9D10854E-8C11-4C97-B79D-98410C1B3355}.Release|Any CPU.ActiveCfg = Release|Any CPU
		{9D10854E-8C11-4C97-B79D-98410C1B3355}.Release|Any CPU.Build.0 = Release|Any CPU
		{9D10854E-8C11-4C97-B79D-98410C1B3355}.Release|x64.ActiveCfg = Release|Any CPU
		{9D10854E-8C11-4C97-B79D-98410C1B3355}.Release|x64.Build.0 = Release|Any CPU
		{9D10854E-8C11-4C97-B79D-98410C1B3355}.Release|x86.ActiveCfg = Release|Any CPU
		{9D10854E-8C11-4C97-B79D-98410C1B3355}.Release|x86.Build.0 = Release|Any CPU
		{DE256B6B-7547-45F5-962F-71F0D2538125}.Debug|Any CPU.ActiveCfg = Debug|Any CPU
		{DE256B6B-7547-45F5-962F-71F0D2538125}.Debug|Any CPU.Build.0 = Debug|Any CPU
		{DE256B6B-7547-45F5-962F-71F0D2538125}.Debug|x64.ActiveCfg = Debug|Any CPU
		{DE256B6B-7547-45F5-962F-71F0D2538125}.Debug|x64.Build.0 = Debug|Any CPU
		{DE256B6B-7547-45F5-962F-71F0D2538125}.Debug|x86.ActiveCfg = Debug|Any CPU
		{DE256B6B-7547-45F5-962F-71F0D2538125}.Debug|x86.Build.0 = Debug|Any CPU
		{DE256B6B-7547-45F5-962F-71F0D2538125}.Release|Any CPU.ActiveCfg = Release|Any CPU
		{DE256B6B-7547-45F5-962F-71F0D2538125}.Release|Any CPU.Build.0 = Release|Any CPU
		{DE256B6B-7547-45F5-962F-71F0D2538125}.Release|x64.ActiveCfg = Release|Any CPU
		{DE256B6B-7547-45F5-962F-71F0D2538125}.Release|x64.Build.0 = Release|Any CPU
		{DE256B6B-7547-45F5-962F-71F0D2538125}.Release|x86.ActiveCfg = Release|Any CPU
		{DE256B6B-7547-45F5-962F-71F0D2538125}.Release|x86.Build.0 = Release|Any CPU
	EndGlobalSection
	GlobalSection(SolutionProperties) = preSolution
		HideSolutionNode = FALSE
	EndGlobalSection
	GlobalSection(NestedProjects) = preSolution
		{C67B2855-A09F-4DB9-8A57-0F4710FD02BC} = {827E0CD3-B72D-47B6-A68D-7590B98EB39B}
		{5C37B17D-B8D9-44BC-B31B-27270CEF5098} = {827E0CD3-B72D-47B6-A68D-7590B98EB39B}
		{9D10854E-8C11-4C97-B79D-98410C1B3355} = {827E0CD3-B72D-47B6-A68D-7590B98EB39B}
		{DE256B6B-7547-45F5-962F-71F0D2538125} = {0AB3BF05-4346-4AA6-1389-037BE0695223}
	EndGlobalSection
EndGlobal
